
Microsoft Visual Studio Solution File, Format Version 12.00
# Visual Studio Version 17
VisualStudioVersion = 17.13.35825.156 d17.13
MinimumVisualStudioVersion = 10.0.40219.1
Project("{FAE04EC0-301F-11D3-BF4B-00C04F79EFBC}") = "07", "07\07.csproj", "{4A4C87AD-EA51-48A3-9126-F09278CA73F3}"
EndProject
Global
	GlobalSection(SolutionConfigurationPlatforms) = preSolution
		Debug|Any CPU = Debug|Any CPU
		Release|Any CPU = Release|Any CPU
	EndGlobalSection
	GlobalSection(ProjectConfigurationPlatforms) = postSolution
		{4A4C87AD-EA51-48A3-9126-F09278CA73F3}.Debug|Any CPU.ActiveCfg = Debug|Any CPU
		{4A4C87AD-EA51-48A3-9126-F09278CA73F3}.Debug|Any CPU.Build.0 = Debug|Any CPU
		{4A4C87AD-EA51-48A3-9126-F09278CA73F3}.Release|Any CPU.ActiveCfg = Release|Any CPU
		{4A4C87AD-EA51-48A3-9126-F09278CA73F3}.Release|Any CPU.Build.0 = Release|Any CPU
	EndGlobalSection
	GlobalSection(SolutionProperties) = preSolution
		HideSolutionNode = FALSE
	EndGlobalSection
	GlobalSection(ExtensibilityGlobals) = postSolution
		SolutionGuid = {7C5EE77D-9B9B-48D8-BED9-19E26E78E671}
	EndGlobalSection
EndGlobal
